// !$*UTF8*$!
{
	archiveVersion = 1;
	classes = {
	};
	objectVersion = 46;
	objects = {

/* Begin PBXBuildFile section */
		8A829EDE1CD22B7100E13F62 /* AppDelegate.swift in Sources */ = {isa = PBXBuildFile; fileRef = 8A829EDD1CD22B7100E13F62 /* AppDelegate.swift */; };
		8A829EE01CD22B7100E13F62 /* ViewController.swift in Sources */ = {isa = PBXBuildFile; fileRef = 8A829EDF1CD22B7100E13F62 /* ViewController.swift */; };
		8A829EE31CD22B7100E13F62 /* Main.storyboard in Resources */ = {isa = PBXBuildFile; fileRef = 8A829EE11CD22B7100E13F62 /* Main.storyboard */; };
		8A829EE61CD22B7100E13F62 /* Gojimo.xcdatamodeld in Sources */ = {isa = PBXBuildFile; fileRef = 8A829EE41CD22B7100E13F62 /* Gojimo.xcdatamodeld */; };
		8A829EE81CD22B7100E13F62 /* Assets.xcassets in Resources */ = {isa = PBXBuildFile; fileRef = 8A829EE71CD22B7100E13F62 /* Assets.xcassets */; };
		8A829EEB1CD22B7100E13F62 /* LaunchScreen.storyboard in Resources */ = {isa = PBXBuildFile; fileRef = 8A829EE91CD22B7100E13F62 /* LaunchScreen.storyboard */; };
		8A829EF61CD22B7100E13F62 /* GojimoTests.swift in Sources */ = {isa = PBXBuildFile; fileRef = 8A829EF51CD22B7100E13F62 /* GojimoTests.swift */; };
		8A829F011CD22B7100E13F62 /* GojimoUITests.swift in Sources */ = {isa = PBXBuildFile; fileRef = 8A829F001CD22B7100E13F62 /* GojimoUITests.swift */; };
		8A829F111CD26C5300E13F62 /* GomojiManagerDelegate.swift in Sources */ = {isa = PBXBuildFile; fileRef = 8A829F101CD26C5300E13F62 /* GomojiManagerDelegate.swift */; };
		8A829F131CD2747F00E13F62 /* GomojiCommunicatorDelegate.swift in Sources */ = {isa = PBXBuildFile; fileRef = 8A829F121CD2747F00E13F62 /* GomojiCommunicatorDelegate.swift */; };
/* End PBXBuildFile section */

/* Begin PBXContainerItemProxy section */
		8A829EF21CD22B7100E13F62 /* PBXContainerItemProxy */ = {
			isa = PBXContainerItemProxy;
			containerPortal = 8A829ED21CD22B7000E13F62 /* Project object */;
			proxyType = 1;
			remoteGlobalIDString = 8A829ED91CD22B7000E13F62;
			remoteInfo = Gojimo;
		};
		8A829EFD1CD22B7100E13F62 /* PBXContainerItemProxy */ = {
			isa = PBXContainerItemProxy;
			containerPortal = 8A829ED21CD22B7000E13F62 /* Project object */;
			proxyType = 1;
			remoteGlobalIDString = 8A829ED91CD22B7000E13F62;
			remoteInfo = Gojimo;
		};
/* End PBXContainerItemProxy section */

/* Begin PBXFileReference section */
		8A829EDA1CD22B7000E13F62 /* Gojimo.app */ = {isa = PBXFileReference; explicitFileType = wrapper.application; includeInIndex = 0; path = Gojimo.app; sourceTree = BUILT_PRODUCTS_DIR; };
		8A829EDD1CD22B7100E13F62 /* AppDelegate.swift */ = {isa = PBXFileReference; lastKnownFileType = sourcecode.swift; path = AppDelegate.swift; sourceTree = "<group>"; };
		8A829EDF1CD22B7100E13F62 /* ViewController.swift */ = {isa = PBXFileReference; lastKnownFileType = sourcecode.swift; path = ViewController.swift; sourceTree = "<group>"; };
		8A829EE21CD22B7100E13F62 /* Base */ = {isa = PBXFileReference; lastKnownFileType = file.storyboard; name = Base; path = Base.lproj/Main.storyboard; sourceTree = "<group>"; };
		8A829EE51CD22B7100E13F62 /* Gojimo.xcdatamodel */ = {isa = PBXFileReference; lastKnownFileType = wrapper.xcdatamodel; path = Gojimo.xcdatamodel; sourceTree = "<group>"; };
		8A829EE71CD22B7100E13F62 /* Assets.xcassets */ = {isa = PBXFileReference; lastKnownFileType = folder.assetcatalog; path = Assets.xcassets; sourceTree = "<group>"; };
		8A829EEA1CD22B7100E13F62 /* Base */ = {isa = PBXFileReference; lastKnownFileType = file.storyboard; name = Base; path = Base.lproj/LaunchScreen.storyboard; sourceTree = "<group>"; };
		8A829EEC1CD22B7100E13F62 /* Info.plist */ = {isa = PBXFileReference; lastKnownFileType = text.plist.xml; path = Info.plist; sourceTree = "<group>"; };
		8A829EF11CD22B7100E13F62 /* GojimoTests.xctest */ = {isa = PBXFileReference; explicitFileType = wrapper.cfbundle; includeInIndex = 0; path = GojimoTests.xctest; sourceTree = BUILT_PRODUCTS_DIR; };
		8A829EF51CD22B7100E13F62 /* GojimoTests.swift */ = {isa = PBXFileReference; lastKnownFileType = sourcecode.swift; path = GojimoTests.swift; sourceTree = "<group>"; };
		8A829EF71CD22B7100E13F62 /* Info.plist */ = {isa = PBXFileReference; lastKnownFileType = text.plist.xml; path = Info.plist; sourceTree = "<group>"; };
		8A829EFC1CD22B7100E13F62 /* GojimoUITests.xctest */ = {isa = PBXFileReference; explicitFileType = wrapper.cfbundle; includeInIndex = 0; path = GojimoUITests.xctest; sourceTree = BUILT_PRODUCTS_DIR; };
		8A829F001CD22B7100E13F62 /* GojimoUITests.swift */ = {isa = PBXFileReference; lastKnownFileType = sourcecode.swift; path = GojimoUITests.swift; sourceTree = "<group>"; };
		8A829F021CD22B7100E13F62 /* Info.plist */ = {isa = PBXFileReference; lastKnownFileType = text.plist.xml; path = Info.plist; sourceTree = "<group>"; };
		8A829F101CD26C5300E13F62 /* GomojiManagerDelegate.swift */ = {isa = PBXFileReference; fileEncoding = 4; lastKnownFileType = sourcecode.swift; path = GomojiManagerDelegate.swift; sourceTree = "<group>"; };
		8A829F121CD2747F00E13F62 /* GomojiCommunicatorDelegate.swift */ = {isa = PBXFileReference; fileEncoding = 4; lastKnownFileType = sourcecode.swift; path = GomojiCommunicatorDelegate.swift; sourceTree = "<group>"; };
/* End PBXFileReference section */

/* Begin PBXFrameworksBuildPhase section */
		8A829ED71CD22B7000E13F62 /* Frameworks */ = {
			isa = PBXFrameworksBuildPhase;
			buildActionMask = 2147483647;
			files = (
			);
			runOnlyForDeploymentPostprocessing = 0;
		};
		8A829EEE1CD22B7100E13F62 /* Frameworks */ = {
			isa = PBXFrameworksBuildPhase;
			buildActionMask = 2147483647;
			files = (
			);
			runOnlyForDeploymentPostprocessing = 0;
		};
		8A829EF91CD22B7100E13F62 /* Frameworks */ = {
			isa = PBXFrameworksBuildPhase;
			buildActionMask = 2147483647;
			files = (
			);
			runOnlyForDeploymentPostprocessing = 0;
		};
/* End PBXFrameworksBuildPhase section */

/* Begin PBXGroup section */
		8A829ED11CD22B7000E13F62 = {
			isa = PBXGroup;
			children = (
				8A829EDC1CD22B7100E13F62 /* Gojimo */,
				8A829EF41CD22B7100E13F62 /* GojimoTests */,
				8A829EFF1CD22B7100E13F62 /* GojimoUITests */,
				8A829EDB1CD22B7000E13F62 /* Products */,
			);
			sourceTree = "<group>";
		};
		8A829EDB1CD22B7000E13F62 /* Products */ = {
			isa = PBXGroup;
			children = (
				8A829EDA1CD22B7000E13F62 /* Gojimo.app */,
				8A829EF11CD22B7100E13F62 /* GojimoTests.xctest */,
				8A829EFC1CD22B7100E13F62 /* GojimoUITests.xctest */,
			);
			name = Products;
			sourceTree = "<group>";
		};
		8A829EDC1CD22B7100E13F62 /* Gojimo */ = {
			isa = PBXGroup;
			children = (
				8A829EDD1CD22B7100E13F62 /* AppDelegate.swift */,
				8A829EDF1CD22B7100E13F62 /* ViewController.swift */,
				8A829EE11CD22B7100E13F62 /* Main.storyboard */,
				8A829EE71CD22B7100E13F62 /* Assets.xcassets */,
				8A829EE91CD22B7100E13F62 /* LaunchScreen.storyboard */,
				8A829EEC1CD22B7100E13F62 /* Info.plist */,
				8A829EE41CD22B7100E13F62 /* Gojimo.xcdatamodeld */,
				8A829F101CD26C5300E13F62 /* GomojiManagerDelegate.swift */,
				8A829F121CD2747F00E13F62 /* GomojiCommunicatorDelegate.swift */,
			);
			path = Gojimo;
			sourceTree = "<group>";
		};
		8A829EF41CD22B7100E13F62 /* GojimoTests */ = {
			isa = PBXGroup;
			children = (
				8A829EF51CD22B7100E13F62 /* GojimoTests.swift */,
				8A829EF71CD22B7100E13F62 /* Info.plist */,
			);
			path = GojimoTests;
			sourceTree = "<group>";
		};
		8A829EFF1CD22B7100E13F62 /* GojimoUITests */ = {
			isa = PBXGroup;
			children = (
				8A829F001CD22B7100E13F62 /* GojimoUITests.swift */,
				8A829F021CD22B7100E13F62 /* Info.plist */,
			);
			path = GojimoUITests;
			sourceTree = "<group>";
		};
/* End PBXGroup section */

/* Begin PBXNativeTarget section */
		8A829ED91CD22B7000E13F62 /* Gojimo */ = {
			isa = PBXNativeTarget;
			buildConfigurationList = 8A829F051CD22B7100E13F62 /* Build configuration list for PBXNativeTarget "Gojimo" */;
			buildPhases = (
				8A829ED61CD22B7000E13F62 /* Sources */,
				8A829ED71CD22B7000E13F62 /* Frameworks */,
				8A829ED81CD22B7000E13F62 /* Resources */,
			);
			buildRules = (
			);
			dependencies = (
			);
			name = Gojimo;
			productName = Gojimo;
			productReference = 8A829EDA1CD22B7000E13F62 /* Gojimo.app */;
			productType = "com.apple.product-type.application";
		};
		8A829EF01CD22B7100E13F62 /* GojimoTests */ = {
			isa = PBXNativeTarget;
			buildConfigurationList = 8A829F081CD22B7100E13F62 /* Build configuration list for PBXNativeTarget "GojimoTests" */;
			buildPhases = (
				8A829EED1CD22B7100E13F62 /* Sources */,
				8A829EEE1CD22B7100E13F62 /* Frameworks */,
				8A829EEF1CD22B7100E13F62 /* Resources */,
			);
			buildRules = (
			);
			dependencies = (
				8A829EF31CD22B7100E13F62 /* PBXTargetDependency */,
			);
			name = GojimoTests;
			productName = GojimoTests;
			productReference = 8A829EF11CD22B7100E13F62 /* GojimoTests.xctest */;
			productType = "com.apple.product-type.bundle.unit-test";
		};
		8A829EFB1CD22B7100E13F62 /* GojimoUITests */ = {
			isa = PBXNativeTarget;
			buildConfigurationList = 8A829F0B1CD22B7100E13F62 /* Build configuration list for PBXNativeTarget "GojimoUITests" */;
			buildPhases = (
				8A829EF81CD22B7100E13F62 /* Sources */,
				8A829EF91CD22B7100E13F62 /* Frameworks */,
				8A829EFA1CD22B7100E13F62 /* Resources */,
			);
			buildRules = (
			);
			dependencies = (
				8A829EFE1CD22B7100E13F62 /* PBXTargetDependency */,
			);
			name = GojimoUITests;
			productName = GojimoUITests;
			productReference = 8A829EFC1CD22B7100E13F62 /* GojimoUITests.xctest */;
			productType = "com.apple.product-type.bundle.ui-testing";
		};
/* End PBXNativeTarget section */

/* Begin PBXProject section */
		8A829ED21CD22B7000E13F62 /* Project object */ = {
			isa = PBXProject;
			attributes = {
				LastSwiftUpdateCheck = 0730;
				LastUpgradeCheck = 0730;
				ORGANIZATIONNAME = Ke;
				TargetAttributes = {
					8A829ED91CD22B7000E13F62 = {
						CreatedOnToolsVersion = 7.3;
					};
					8A829EF01CD22B7100E13F62 = {
						CreatedOnToolsVersion = 7.3;
						TestTargetID = 8A829ED91CD22B7000E13F62;
					};
					8A829EFB1CD22B7100E13F62 = {
						CreatedOnToolsVersion = 7.3;
						TestTargetID = 8A829ED91CD22B7000E13F62;
					};
				};
			};
			buildConfigurationList = 8A829ED51CD22B7000E13F62 /* Build configuration list for PBXProject "Gojimo" */;
			compatibilityVersion = "Xcode 3.2";
			developmentRegion = English;
			hasScannedForEncodings = 0;
			knownRegions = (
				en,
				Base,
			);
			mainGroup = 8A829ED11CD22B7000E13F62;
			productRefGroup = 8A829EDB1CD22B7000E13F62 /* Products */;
			projectDirPath = "";
			projectRoot = "";
			targets = (
				8A829ED91CD22B7000E13F62 /* Gojimo */,
				8A829EF01CD22B7100E13F62 /* GojimoTests */,
				8A829EFB1CD22B7100E13F62 /* GojimoUITests */,
			);
		};
/* End PBXProject section */

/* Begin PBXResourcesBuildPhase section */
		8A829ED81CD22B7000E13F62 /* Resources */ = {
			isa = PBXResourcesBuildPhase;
			buildActionMask = 2147483647;
			files = (
				8A829EEB1CD22B7100E13F62 /* LaunchScreen.storyboard in Resources */,
				8A829EE81CD22B7100E13F62 /* Assets.xcassets in Resources */,
				8A829EE31CD22B7100E13F62 /* Main.storyboard in Resources */,
			);
			runOnlyForDeploymentPostprocessing = 0;
		};
		8A829EEF1CD22B7100E13F62 /* Resources */ = {
			isa = PBXResourcesBuildPhase;
			buildActionMask = 2147483647;
			files = (
			);
			runOnlyForDeploymentPostprocessing = 0;
		};
		8A829EFA1CD22B7100E13F62 /* Resources */ = {
			isa = PBXResourcesBuildPhase;
			buildActionMask = 2147483647;
			files = (
			);
			runOnlyForDeploymentPostprocessing = 0;
		};
/* End PBXResourcesBuildPhase section */

/* Begin PBXSourcesBuildPhase section */
		8A829ED61CD22B7000E13F62 /* Sources */ = {
			isa = PBXSourcesBuildPhase;
			buildActionMask = 2147483647;
			files = (
				8A829EE61CD22B7100E13F62 /* Gojimo.xcdatamodeld in Sources */,
				8A829F111CD26C5300E13F62 /* GomojiManagerDelegate.swift in Sources */,
				8A829EE01CD22B7100E13F62 /* ViewController.swift in Sources */,
				8A829F131CD2747F00E13F62 /* GomojiCommunicatorDelegate.swift in Sources */,
				8A829EDE1CD22B7100E13F62 /* AppDelegate.swift in Sources */,
			);
			runOnlyForDeploymentPostprocessing = 0;
		};
		8A829EED1CD22B7100E13F62 /* Sources */ = {
			isa = PBXSourcesBuildPhase;
			buildActionMask = 2147483647;
			files = (
				8A829EF61CD22B7100E13F62 /* GojimoTests.swift in Sources */,
			);
			runOnlyForDeploymentPostprocessing = 0;
		};
		8A829EF81CD22B7100E13F62 /* Sources */ = {
			isa = PBXSourcesBuildPhase;
			buildActionMask = 2147483647;
			files = (
				8A829F011CD22B7100E13F62 /* GojimoUITests.swift in Sources */,
			);
			runOnlyForDeploymentPostprocessing = 0;
		};
/* End PBXSourcesBuildPhase section */

/* Begin PBXTargetDependency section */
		8A829EF31CD22B7100E13F62 /* PBXTargetDependency */ = {
			isa = PBXTargetDependency;
			target = 8A829ED91CD22B7000E13F62 /* Gojimo */;
			targetProxy = 8A829EF21CD22B7100E13F62 /* PBXContainerItemProxy */;
		};
		8A829EFE1CD22B7100E13F62 /* PBXTargetDependency */ = {
			isa = PBXTargetDependency;
			target = 8A829ED91CD22B7000E13F62 /* Gojimo */;
			targetProxy = 8A829EFD1CD22B7100E13F62 /* PBXContainerItemProxy */;
		};
/* End PBXTargetDependency section */

/* Begin PBXVariantGroup section */
		8A829EE11CD22B7100E13F62 /* Main.storyboard */ = {
			isa = PBXVariantGroup;
			children = (
				8A829EE21CD22B7100E13F62 /* Base */,
			);
			name = Main.storyboard;
			sourceTree = "<group>";
		};
		8A829EE91CD22B7100E13F62 /* LaunchScreen.storyboard */ = {
			isa = PBXVariantGroup;
			children = (
				8A829EEA1CD22B7100E13F62 /* Base */,
			);
			name = LaunchScreen.storyboard;
			sourceTree = "<group>";
		};
/* End PBXVariantGroup section */

/* Begin XCBuildConfiguration section */
		8A829F031CD22B7100E13F62 /* Debug */ = {
			isa = XCBuildConfiguration;
			buildSettings = {
				ALWAYS_SEARCH_USER_PATHS = NO;
				CLANG_ANALYZER_NONNULL = YES;
				CLANG_CXX_LANGUAGE_STANDARD = "gnu++0x";
				CLANG_CXX_LIBRARY = "libc++";
				CLANG_ENABLE_MODULES = YES;
				CLANG_ENABLE_OBJC_ARC = YES;
				CLANG_WARN_BOOL_CONVERSION = YES;
				CLANG_WARN_CONSTANT_CONVERSION = YES;
				CLANG_WARN_DIRECT_OBJC_ISA_USAGE = YES_ERROR;
				CLANG_WARN_EMPTY_BODY = YES;
				CLANG_WARN_ENUM_CONVERSION = YES;
				CLANG_WARN_INT_CONVERSION = YES;
				CLANG_WARN_OBJC_ROOT_CLASS = YES_ERROR;
				CLANG_WARN_UNREACHABLE_CODE = YES;
				CLANG_WARN__DUPLICATE_METHOD_MATCH = YES;
				"CODE_SIGN_IDENTITY[sdk=iphoneos*]" = "iPhone Developer";
				COPY_PHASE_STRIP = NO;
				DEBUG_INFORMATION_FORMAT = dwarf;
				ENABLE_STRICT_OBJC_MSGSEND = YES;
				ENABLE_TESTABILITY = YES;
				GCC_C_LANGUAGE_STANDARD = gnu99;
				GCC_DYNAMIC_NO_PIC = NO;
				GCC_NO_COMMON_BLOCKS = YES;
				GCC_OPTIMIZATION_LEVEL = 0;
				GCC_PREPROCESSOR_DEFINITIONS = (
					"DEBUG=1",
					"$(inherited)",
				);
				GCC_WARN_64_TO_32_BIT_CONVERSION = YES;
				GCC_WARN_ABOUT_RETURN_TYPE = YES_ERROR;
				GCC_WARN_UNDECLARED_SELECTOR = YES;
				GCC_WARN_UNINITIALIZED_AUTOS = YES_AGGRESSIVE;
				GCC_WARN_UNUSED_FUNCTION = YES;
				GCC_WARN_UNUSED_VARIABLE = YES;
				IPHONEOS_DEPLOYMENT_TARGET = 9.3;
				MTL_ENABLE_DEBUG_INFO = YES;
				ONLY_ACTIVE_ARCH = YES;
				SDKROOT = iphoneos;
				SWIFT_OPTIMIZATION_LEVEL = "-Onone";
			};
			name = Debug;
		};
		8A829F041CD22B7100E13F62 /* Release */ = {
			isa = XCBuildConfiguration;
			buildSettings = {
				ALWAYS_SEARCH_USER_PATHS = NO;
				CLANG_ANALYZER_NONNULL = YES;
				CLANG_CXX_LANGUAGE_STANDARD = "gnu++0x";
				CLANG_CXX_LIBRARY = "libc++";
				CLANG_ENABLE_MODULES = YES;
				CLANG_ENABLE_OBJC_ARC = YES;
				CLANG_WARN_BOOL_CONVERSION = YES;
				CLANG_WARN_CONSTANT_CONVERSION = YES;
				CLANG_WARN_DIRECT_OBJC_ISA_USAGE = YES_ERROR;
				CLANG_WARN_EMPTY_BODY = YES;
				CLANG_WARN_ENUM_CONVERSION = YES;
				CLANG_WARN_INT_CONVERSION = YES;
				CLANG_WARN_OBJC_ROOT_CLASS = YES_ERROR;
				CLANG_WARN_UNREACHABLE_CODE = YES;
				CLANG_WARN__DUPLICATE_METHOD_MATCH = YES;
				"CODE_SIGN_IDENTITY[sdk=iphoneos*]" = "iPhone Developer";
				COPY_PHASE_STRIP = NO;
				DEBUG_INFORMATION_FORMAT = "dwarf-with-dsym";
				ENABLE_NS_ASSERTIONS = NO;
				ENABLE_STRICT_OBJC_MSGSEND = YES;
				GCC_C_LANGUAGE_STANDARD = gnu99;
				GCC_NO_COMMON_BLOCKS = YES;
				GCC_WARN_64_TO_32_BIT_CONVERSION = YES;
				GCC_WARN_ABOUT_RETURN_TYPE = YES_ERROR;
				GCC_WARN_UNDECLARED_SELECTOR = YES;
				GCC_WARN_UNINITIALIZED_AUTOS = YES_AGGRESSIVE;
				GCC_WARN_UNUSED_FUNCTION = YES;
				GCC_WARN_UNUSED_VARIABLE = YES;
				IPHONEOS_DEPLOYMENT_TARGET = 9.3;
				MTL_ENABLE_DEBUG_INFO = NO;
				SDKROOT = iphoneos;
				VALIDATE_PRODUCT = YES;
			};
			name = Release;
		};
		8A829F061CD22B7100E13F62 /* Debug */ = {
			isa = XCBuildConfiguration;
			buildSettings = {
				ASSETCATALOG_COMPILER_APPICON_NAME = AppIcon;
				INFOPLIST_FILE = Gojimo/Info.plist;
				LD_RUNPATH_SEARCH_PATHS = "$(inherited) @executable_path/Frameworks";
				PRODUCT_BUNDLE_IDENTIFIER = com.ke.Gojimo;
				PRODUCT_NAME = "$(TARGET_NAME)";
			};
			name = Debug;
		};
		8A829F071CD22B7100E13F62 /* Release */ = {
			isa = XCBuildConfiguration;
			buildSettings = {
				ASSETCATALOG_COMPILER_APPICON_NAME = AppIcon;
				INFOPLIST_FILE = Gojimo/Info.plist;
				LD_RUNPATH_SEARCH_PATHS = "$(inherited) @executable_path/Frameworks";
				PRODUCT_BUNDLE_IDENTIFIER = com.ke.Gojimo;
				PRODUCT_NAME = "$(TARGET_NAME)";
			};
			name = Release;
		};
		8A829F091CD22B7100E13F62 /* Debug */ = {
			isa = XCBuildConfiguration;
			buildSettings = {
				BUNDLE_LOADER = "$(TEST_HOST)";
				INFOPLIST_FILE = GojimoTests/Info.plist;
				LD_RUNPATH_SEARCH_PATHS = "$(inherited) @executable_path/Frameworks @loader_path/Frameworks";
				PRODUCT_BUNDLE_IDENTIFIER = com.ke.GojimoTests;
				PRODUCT_NAME = "$(TARGET_NAME)";
				TEST_HOST = "$(BUILT_PRODUCTS_DIR)/Gojimo.app/Gojimo";
			};
			name = Debug;
		};
		8A829F0A1CD22B7100E13F62 /* Release */ = {
			isa = XCBuildConfiguration;
			buildSettings = {
				BUNDLE_LOADER = "$(TEST_HOST)";
				INFOPLIST_FILE = GojimoTests/Info.plist;
				LD_RUNPATH_SEARCH_PATHS = "$(inherited) @executable_path/Frameworks @loader_path/Frameworks";
				PRODUCT_BUNDLE_IDENTIFIER = com.ke.GojimoTests;
				PRODUCT_NAME = "$(TARGET_NAME)";
				TEST_HOST = "$(BUILT_PRODUCTS_DIR)/Gojimo.app/Gojimo";
			};
			name = Release;
		};
		8A829F0C1CD22B7100E13F62 /* Debug */ = {
			isa = XCBuildConfiguration;
			buildSettings = {
				INFOPLIST_FILE = GojimoUITests/Info.plist;
				LD_RUNPATH_SEARCH_PATHS = "$(inherited) @executable_path/Frameworks @loader_path/Frameworks";
				PRODUCT_BUNDLE_IDENTIFIER = com.ke.GojimoUITests;
				PRODUCT_NAME = "$(TARGET_NAME)";
				TEST_TARGET_NAME = Gojimo;
			};
			name = Debug;
		};
		8A829F0D1CD22B7100E13F62 /* Release */ = {
			isa = XCBuildConfiguration;
			buildSettings = {
				INFOPLIST_FILE = GojimoUITests/Info.plist;
				LD_RUNPATH_SEARCH_PATHS = "$(inherited) @executable_path/Frameworks @loader_path/Frameworks";
				PRODUCT_BUNDLE_IDENTIFIER = com.ke.GojimoUITests;
				PRODUCT_NAME = "$(TARGET_NAME)";
				TEST_TARGET_NAME = Gojimo;
			};
			name = Release;
		};
/* End XCBuildConfiguration section */

/* Begin XCConfigurationList section */
		8A829ED51CD22B7000E13F62 /* Build configuration list for PBXProject "Gojimo" */ = {
			isa = XCConfigurationList;
			buildConfigurations = (
				8A829F031CD22B7100E13F62 /* Debug */,
				8A829F041CD22B7100E13F62 /* Release */,
			);
			defaultConfigurationIsVisible = 0;
			defaultConfigurationName = Release;
		};
		8A829F051CD22B7100E13F62 /* Build configuration list for PBXNativeTarget "Gojimo" */ = {
			isa = XCConfigurationList;
			buildConfigurations = (
				8A829F061CD22B7100E13F62 /* Debug */,
				8A829F071CD22B7100E13F62 /* Release */,
			);
			defaultConfigurationIsVisible = 0;
		};
		8A829F081CD22B7100E13F62 /* Build configuration list for PBXNativeTarget "GojimoTests" */ = {
			isa = XCConfigurationList;
			buildConfigurations = (
				8A829F091CD22B7100E13F62 /* Debug */,
				8A829F0A1CD22B7100E13F62 /* Release */,
			);
			defaultConfigurationIsVisible = 0;
		};
		8A829F0B1CD22B7100E13F62 /* Build configuration list for PBXNativeTarget "GojimoUITests" */ = {
			isa = XCConfigurationList;
			buildConfigurations = (
				8A829F0C1CD22B7100E13F62 /* Debug */,
				8A829F0D1CD22B7100E13F62 /* Release */,
			);
			defaultConfigurationIsVisible = 0;
		};
/* End XCConfigurationList section */

/* Begin XCVersionGroup section */
		8A829EE41CD22B7100E13F62 /* Gojimo.xcdatamodeld */ = {
			isa = XCVersionGroup;
			children = (
				8A829EE51CD22B7100E13F62 /* Gojimo.xcdatamodel */,
			);
			currentVersion = 8A829EE51CD22B7100E13F62 /* Gojimo.xcdatamodel */;
			path = Gojimo.xcdatamodeld;
			sourceTree = "<group>";
			versionGroupType = wrapper.xcdatamodel;
		};
/* End XCVersionGroup section */
	};
	rootObject = 8A829ED21CD22B7000E13F62 /* Project object */;
}
